
Microsoft Visual Studio Solution File, Format Version 12.00
# Visual Studio Version 17
VisualStudioVersion = 17.10.35122.118
MinimumVisualStudioVersion = 10.0.40219.1
Project("{FAE04EC0-301F-11D3-BF4B-00C04F79EFBC}") = "Method_overriding_June_120824", "Method_overriding_June_120824.csproj", "{65957FC8-95B8-4F11-BEF4-D79F9F811D14}"
EndProject
Global
	GlobalSection(SolutionConfigurationPlatforms) = preSolution
		Debug|Any CPU = Debug|Any CPU
		Release|Any CPU = Release|Any CPU
	EndGlobalSection
	GlobalSection(ProjectConfigurationPlatforms) = postSolution
		{65957FC8-95B8-4F11-BEF4-D79F9F811D14}.Debug|Any CPU.ActiveCfg = Debug|Any CPU
		{65957FC8-95B8-4F11-BEF4-D79F9F811D14}.Debug|Any CPU.Build.0 = Debug|Any CPU
		{65957FC8-95B8-4F11-BEF4-D79F9F811D14}.Release|Any CPU.ActiveCfg = Release|Any CPU
		{65957FC8-95B8-4F11-BEF4-D79F9F811D14}.Release|Any CPU.Build.0 = Release|Any CPU
	EndGlobalSection
	GlobalSection(SolutionProperties) = preSolution
		HideSolutionNode = FALSE
	EndGlobalSection
	GlobalSection(ExtensibilityGlobals) = postSolution
		SolutionGuid = {18F6022F-26ED-4C69-A3B5-1645411B2138}
	EndGlobalSection
EndGlobal
